# @generated by Move, please check-in and do not edit manually.

[move]
version = 3
manifest_digest = "BFF785D786F45A782D33A5D314E8944BAF429870A64CFA90C18E3E824B0B6428"
deps_digest = "F8BBB0CCB2491CA29A3DF03D6F92277A4F3574266507ACD77214D37ECA3F3082"
dependencies = [
  { id = "Sui", name = "Sui" },
]

[[move.package]]
id = "MoveStdlib"
source = { git = "https://github.com/MystenLabs/sui.git", rev = "framework/testnet", subdir = "crates/sui-framework/packages/move-stdlib" }

[[move.package]]
id = "Sui"
source = { git = "https://github.com/MystenLabs/sui.git", rev = "framework/testnet", subdir = "crates/sui-framework/packages/sui-framework" }

dependencies = [
  { id = "MoveStdlib", name = "MoveStdlib" },
]

[move.toolchain-version]
compiler-version = "1.61.1"
edition = "2024.beta"
flavor = "sui"

[env]

[env.testnet]
chain-id = "4c78adac"
original-published-id = "0x1539cbb44e975c00c26fdb17138d1add7d7ed2e94a4c700ac9e6ad1a64a51610"
latest-published-id = "0x1539cbb44e975c00c26fdb17138d1add7d7ed2e94a4c700ac9e6ad1a64a51610"
published-version = "1"
